<?xml version="1.0" encoding="utf-8"?>
<Project ToolsVersion="4.0" xmlns="http://schemas.microsoft.com/developer/msbuild/2003">
  <ItemGroup>
    <Filter Include="Source Files">
      <UniqueIdentifier>{4FC737F1-C7A5-4376-A066-2A32D752A2FF}</UniqueIdentifier>
      <Extensions>cpp;c;cc;cxx;def;odl;idl;hpj;bat;asm;asmx</Extensions>
    </Filter>
    <Filter Include="Header Files">
      <UniqueIdentifier>{93995380-89BD-4b04-88EB-625FBE52EBFB}</UniqueIdentifier>
      <Extensions>h;hh;hpp;hxx;hm;inl;inc;xsd</Extensions>
    </Filter>
    <Filter Include="Resource Files">
      <UniqueIdentifier>{67DA6AB6-F800-4c08-8B7A-83BB121AAD01}</UniqueIdentifier>
      <Extensions>rc;ico;cur;bmp;dlg;rc2;rct;bin;rgs;gif;jpg;jpeg;jpe;resx;tiff;tif;png;wav</Extensions>
    </Filter>
  </ItemGroup>
  <ItemGroup>
    <ClCompile Include="sources\Core.cpp">
      <Filter>Source Files</Filter>
    </ClCompile>
    <ClCompile Include="sources\Encap.cpp">
      <Filter>Source Files</Filter>
    </ClCompile>
    <ClCompile Include="sources\main.cpp">
      <Filter>Source Files</Filter>
    </ClCompile>
    <ClCompile Include="sources\events\EventReceiver.cpp">
      <Filter>Source Files</Filter>
    </ClCompile>
    <ClCompile Include="sources\events\MenuEvent.cpp">
      <Filter>Source Files</Filter>
    </ClCompile>
    <ClCompile Include="sources\events\MenuEventSubMenu.cpp">
      <Filter>Source Files</Filter>
    </ClCompile>
    <ClCompile Include="sources\gameengine\GameEngine.cpp">
      <Filter>Source Files</Filter>
    </ClCompile>
    <ClCompile Include="sources\gameengine\GameEngineGeneration.cpp">
      <Filter>Source Files</Filter>
    </ClCompile>
    <ClCompile Include="sources\gameengine\GameEngineLogic.cpp">
      <Filter>Source Files</Filter>
    </ClCompile>
    <ClCompile Include="sources\model\MenuInGameModel.cpp">
      <Filter>Source Files</Filter>
    </ClCompile>
    <ClCompile Include="sources\model\MenuModel.cpp">
      <Filter>Source Files</Filter>
    </ClCompile>
    <ClCompile Include="sources\model\SetMenuModelMainOptions.cpp">
      <Filter>Source Files</Filter>
    </ClCompile>
    <ClCompile Include="sources\model\SplashScreen.cpp">
      <Filter>Source Files</Filter>
    </ClCompile>
    <ClCompile Include="sources\worms\Team.cpp">
      <Filter>Source Files</Filter>
    </ClCompile>
    <ClCompile Include="sources\worms\Worm.cpp">
      <Filter>Source Files</Filter>
    </ClCompile>
  </ItemGroup>
  <ItemGroup>
    <ClInclude Include="include\Core.hpp">
      <Filter>Header Files</Filter>
    </ClInclude>
    <ClInclude Include="include\Encap.hpp">
      <Filter>Header Files</Filter>
    </ClInclude>
    <ClInclude Include="include\dependencies\dirent.h">
      <Filter>Header Files</Filter>
    </ClInclude>
    <ClInclude Include="include\dependencies\features.h">
      <Filter>Header Files</Filter>
    </ClInclude>
    <ClInclude Include="include\dependencies\getopt.h">
      <Filter>Header Files</Filter>
    </ClInclude>
    <ClInclude Include="include\dependencies\unistd.h">
      <Filter>Header Files</Filter>
    </ClInclude>
    <ClInclude Include="include\dependencies\Dependencies.hpp">
      <Filter>Header Files</Filter>
    </ClInclude>
    <ClInclude Include="include\dependencies\bits\dirent.h">
      <Filter>Header Files</Filter>
    </ClInclude>
    <ClInclude Include="include\dependencies\bits\types.h">
      <Filter>Header Files</Filter>
    </ClInclude>
    <ClInclude Include="include\events\buttonState.hpp">
      <Filter>Header Files</Filter>
    </ClInclude>
    <ClInclude Include="include\events\EventReceiver.hpp">
      <Filter>Header Files</Filter>
    </ClInclude>
    <ClInclude Include="include\events\EventStatus.hpp">
      <Filter>Header Files</Filter>
    </ClInclude>
    <ClInclude Include="include\events\MenuButton.hpp">
      <Filter>Header Files</Filter>
    </ClInclude>
    <ClInclude Include="include\events\MenuEvent.hpp">
      <Filter>Header Files</Filter>
    </ClInclude>
    <ClInclude Include="include\gameengine\GameEngine.hpp">
      <Filter>Header Files</Filter>
    </ClInclude>
    <ClInclude Include="include\interface\ICore.hpp">
      <Filter>Header Files</Filter>
    </ClInclude>
    <ClInclude Include="include\interface\IModel.hpp">
      <Filter>Header Files</Filter>
    </ClInclude>
    <ClInclude Include="include\interface\IWeapon.hpp">
      <Filter>Header Files</Filter>
    </ClInclude>
    <ClInclude Include="include\model\MenuInGameModel.hpp">
      <Filter>Header Files</Filter>
    </ClInclude>
    <ClInclude Include="include\model\MenuModel.hpp">
      <Filter>Header Files</Filter>
    </ClInclude>
    <ClInclude Include="include\model\SplashScreen.hpp">
      <Filter>Header Files</Filter>
    </ClInclude>
    <ClInclude Include="include\worms\Grenade.hpp">
      <Filter>Header Files</Filter>
    </ClInclude>
    <ClInclude Include="include\worms\Shotgun.hpp">
      <Filter>Header Files</Filter>
    </ClInclude>
    <ClInclude Include="include\worms\Team.hpp">
      <Filter>Header Files</Filter>
    </ClInclude>
    <ClInclude Include="include\worms\Worm.hpp">
      <Filter>Header Files</Filter>
    </ClInclude>
  </ItemGroup>
</Project>